
Microsoft Visual Studio Solution File, Format Version 12.00
# Visual Studio Version 17
VisualStudioVersion = 17.9.34701.34
MinimumVisualStudioVersion = 10.0.40219.1
Project("{9A19103F-16F7-4668-BE54-9A1E7A4F7556}") = "Application", "Application\Application.csproj", "{3E1E9CCD-7756-43DA-A957-7894BE51729C}"
EndProject
Project("{9A19103F-16F7-4668-BE54-9A1E7A4F7556}") = "Infrastructure", "Infrastructure\Infrastructure.csproj", "{57797B53-C913-4CD5-9AEB-0DF59A7FBFE3}"
EndProject
Project("{9A19103F-16F7-4668-BE54-9A1E7A4F7556}") = "Persistence", "Persistence\Persistence.csproj", "{B7CBB5F4-E9E2-4275-8E90-ECC5C03F62FE}"
EndProject
Global
	GlobalSection(SolutionConfigurationPlatforms) = preSolution
		Debug|Any CPU = Debug|Any CPU
		Release|Any CPU = Release|Any CPU
	EndGlobalSection
	GlobalSection(ProjectConfigurationPlatforms) = postSolution
		{3E1E9CCD-7756-43DA-A957-7894BE51729C}.Debug|Any CPU.ActiveCfg = Debug|Any CPU
		{3E1E9CCD-7756-43DA-A957-7894BE51729C}.Debug|Any CPU.Build.0 = Debug|Any CPU
		{3E1E9CCD-7756-43DA-A957-7894BE51729C}.Release|Any CPU.ActiveCfg = Release|Any CPU
		{3E1E9CCD-7756-43DA-A957-7894BE51729C}.Release|Any CPU.Build.0 = Release|Any CPU
		{57797B53-C913-4CD5-9AEB-0DF59A7FBFE3}.Debug|Any CPU.ActiveCfg = Debug|Any CPU
		{57797B53-C913-4CD5-9AEB-0DF59A7FBFE3}.Debug|Any CPU.Build.0 = Debug|Any CPU
		{57797B53-C913-4CD5-9AEB-0DF59A7FBFE3}.Release|Any CPU.ActiveCfg = Release|Any CPU
		{57797B53-C913-4CD5-9AEB-0DF59A7FBFE3}.Release|Any CPU.Build.0 = Release|Any CPU
		{B7CBB5F4-E9E2-4275-8E90-ECC5C03F62FE}.Debug|Any CPU.ActiveCfg = Debug|Any CPU
		{B7CBB5F4-E9E2-4275-8E90-ECC5C03F62FE}.Debug|Any CPU.Build.0 = Debug|Any CPU
		{B7CBB5F4-E9E2-4275-8E90-ECC5C03F62FE}.Release|Any CPU.ActiveCfg = Release|Any CPU
		{B7CBB5F4-E9E2-4275-8E90-ECC5C03F62FE}.Release|Any CPU.Build.0 = Release|Any CPU
	EndGlobalSection
	GlobalSection(SolutionProperties) = preSolution
		HideSolutionNode = FALSE
	EndGlobalSection
	GlobalSection(ExtensibilityGlobals) = postSolution
		SolutionGuid = {59CEE490-BB7D-462C-B97D-26D4BA339BC0}
	EndGlobalSection
EndGlobal
